
Microsoft Visual Studio Solution File, Format Version 12.00
# Visual Studio Version 17
VisualStudioVersion = 17.9.34902.65
MinimumVisualStudioVersion = 10.0.40219.1
Project("{FAE04EC0-301F-11D3-BF4B-00C04F79EFBC}") = "Spider-Man's Rogues Gallery", "Spider-Man's Rogues Gallery.csproj", "{74E41394-30FA-475E-91DE-4C09056FF6D1}"
EndProject
Global
	GlobalSection(SolutionConfigurationPlatforms) = preSolution
		Debug|Any CPU = Debug|Any CPU
		Release|Any CPU = Release|Any CPU
	EndGlobalSection
	GlobalSection(ProjectConfigurationPlatforms) = postSolution
		{74E41394-30FA-475E-91DE-4C09056FF6D1}.Debug|Any CPU.ActiveCfg = Debug|Any CPU
		{74E41394-30FA-475E-91DE-4C09056FF6D1}.Debug|Any CPU.Build.0 = Debug|Any CPU
		{74E41394-30FA-475E-91DE-4C09056FF6D1}.Release|Any CPU.ActiveCfg = Release|Any CPU
		{74E41394-30FA-475E-91DE-4C09056FF6D1}.Release|Any CPU.Build.0 = Release|Any CPU
	EndGlobalSection
	GlobalSection(SolutionProperties) = preSolution
		HideSolutionNode = FALSE
	EndGlobalSection
	GlobalSection(ExtensibilityGlobals) = postSolution
		SolutionGuid = {7C434D03-FBB1-4CDA-A8B4-C197B359B55D}
	EndGlobalSection
EndGlobal
